<?xml version="1.0" encoding="utf-8"?>
<Project ToolsVersion="4.0" xmlns="http://schemas.microsoft.com/developer/msbuild/2003">
  <ItemGroup>
    <Filter Include="Engine">
      <UniqueIdentifier>{dcd7fa3b-d60f-426d-9da7-0a8d03c0cbfb}</UniqueIdentifier>
    </Filter>
    <Filter Include="Engine\Quest">
      <UniqueIdentifier>{36cecfc7-2ff1-4476-a15b-fa8a868f935a}</UniqueIdentifier>
    </Filter>
    <Filter Include="Engine\Area">
      <UniqueIdentifier>{1f338d4f-5130-4f57-ba72-22a0747047c9}</UniqueIdentifier>
    </Filter>
    <Filter Include="Engine\Graphics">
      <UniqueIdentifier>{aefc922d-6759-4fdf-89b6-ee8c954769ee}</UniqueIdentifier>
    </Filter>
    <Filter Include="Engine\GameObject">
      <UniqueIdentifier>{8e3a7028-e956-4d17-855a-f85652fec277}</UniqueIdentifier>
    </Filter>
    <Filter Include="Engine\GameObject\Dynamic">
      <UniqueIdentifier>{76f6d429-948f-44f4-9a27-2a7cbcbb06dd}</UniqueIdentifier>
    </Filter>
    <Filter Include="Engine\GameObject\Item">
      <UniqueIdentifier>{f0a59b72-97b0-43a6-a420-da18a3dc1a4a}</UniqueIdentifier>
    </Filter>
    <Filter Include="Engine\Tools">
      <UniqueIdentifier>{23f6e7fe-f36f-4aa7-860a-8ebc1b67e9ac}</UniqueIdentifier>
    </Filter>
    <Filter Include="Engine\Gui">
      <UniqueIdentifier>{fa6d0318-8ba5-4d8f-a723-3eeb438f2378}</UniqueIdentifier>
    </Filter>
    <Filter Include="Engine\Player">
      <UniqueIdentifier>{db8e10a7-aafb-4386-b313-b9e4f59309d6}</UniqueIdentifier>
    </Filter>
    <Filter Include="Engine\Quest\Quests">
      <UniqueIdentifier>{955f5c54-59dd-488d-b4c1-f74ec4f10f2a}</UniqueIdentifier>
    </Filter>
    <Filter Include="Engine\ObjectFactory">
      <UniqueIdentifier>{036e4e42-3716-467a-87cf-d0ae3949ad4c}</UniqueIdentifier>
    </Filter>
    <Filter Include="Engine\GameObject\Dynamic\Operatable">
      <UniqueIdentifier>{fe1be4f4-8f54-42f3-9fac-12e92ae3b33e}</UniqueIdentifier>
    </Filter>
    <Filter Include="Engine\GameObject\Tile">
      <UniqueIdentifier>{698a8e41-461c-44e2-9e97-efcd79291f4f}</UniqueIdentifier>
    </Filter>
    <Filter Include="Engine\GameObject\Dynamic\Creature">
      <UniqueIdentifier>{66c1efe9-bfe1-4bec-ad92-d8fcc0f708d8}</UniqueIdentifier>
    </Filter>
    <Filter Include="Engine\GameObject\Dynamic\Creature\Ai">
      <UniqueIdentifier>{2f03f7ea-d683-45dd-af13-2f923e27e617}</UniqueIdentifier>
    </Filter>
    <Filter Include="Engine\ObjectFactory\Templates">
      <UniqueIdentifier>{b8850659-05eb-4fa8-9af0-a7497152e674}</UniqueIdentifier>
    </Filter>
    <Filter Include="Engine\GameObject\Dynamic\Creature\Effect">
      <UniqueIdentifier>{f47ef8df-23e7-48e3-bf8c-d2cabe187f32}</UniqueIdentifier>
    </Filter>
    <Filter Include="Engine\GameObject\Dynamic\Creature\Ai\Module">
      <UniqueIdentifier>{056e93e4-4e2b-4d0d-830c-27884fa0d64f}</UniqueIdentifier>
    </Filter>
    <Filter Include="Engine\Area\Infrastructure">
      <UniqueIdentifier>{d745cc87-98d4-4cd5-907a-6c9676876701}</UniqueIdentifier>
    </Filter>
    <Filter Include="Engine\Area\Nature">
      <UniqueIdentifier>{be772b72-aa79-4bc4-ba07-6debcb8ee874}</UniqueIdentifier>
    </Filter>
    <Filter Include="Engine\Graphics\VisualEffect">
      <UniqueIdentifier>{bc35c2ac-151b-4a0a-8cfd-092bc4417cdb}</UniqueIdentifier>
    </Filter>
    <Filter Include="Engine\Graphics\VisualEffect\Particle">
      <UniqueIdentifier>{e42c52aa-7c35-4bcd-924d-bfa090792888}</UniqueIdentifier>
    </Filter>
    <Filter Include="Engine\Graphics\VisualEffect\Particle\Particles">
      <UniqueIdentifier>{4b116c30-4511-4a25-887b-61c444e96317}</UniqueIdentifier>
    </Filter>
    <Filter Include="Engine\Graphics\VisualEffect\Effect">
      <UniqueIdentifier>{980f8b06-6bf3-437b-ac4f-c0570fbc0d1c}</UniqueIdentifier>
    </Filter>
    <Filter Include="Engine\Graphics\VisualEffect\Effect\Effects">
      <UniqueIdentifier>{c9c09015-516f-4931-a6d5-5d324bc8980e}</UniqueIdentifier>
    </Filter>
    <Filter Include="Engine\GameObject\Dynamic\Operatable\Operatables">
      <UniqueIdentifier>{81e38b99-306d-468e-8e30-4df6dfd51254}</UniqueIdentifier>
    </Filter>
    <Filter Include="Engine\GameObject\Dynamic\Creature\Ai\Ais">
      <UniqueIdentifier>{c54bc774-b405-4942-8fa4-64408f247adb}</UniqueIdentifier>
    </Filter>
    <Filter Include="Engine\Quest\Dialog">
      <UniqueIdentifier>{8a41f4ab-1477-4305-b20f-11cf05425bc5}</UniqueIdentifier>
    </Filter>
    <Filter Include="Engine\Quest\TradeContainer">
      <UniqueIdentifier>{11f9379b-ce8d-4798-b6aa-ce22ecb8ba7f}</UniqueIdentifier>
    </Filter>
    <Filter Include="Engine\GameObject\Item\Consumable">
      <UniqueIdentifier>{b84d1e55-86d1-4067-bcad-ad18f4be32c6}</UniqueIdentifier>
    </Filter>
    <Filter Include="Engine\Gui\Component">
      <UniqueIdentifier>{64beb286-5040-4a75-8474-3e513dd12b81}</UniqueIdentifier>
    </Filter>
    <Filter Include="Engine\Gui\Frame">
      <UniqueIdentifier>{092e02ae-f9b0-452a-a228-96347cea4e04}</UniqueIdentifier>
    </Filter>
    <Filter Include="Engine\Gui\Frame\Frames">
      <UniqueIdentifier>{023d3ed4-8e3c-4a5a-9cd6-711023cfd6ca}</UniqueIdentifier>
    </Filter>
    <Filter Include="Engine\Gui\Component\Components">
      <UniqueIdentifier>{b36f6ad3-9a9d-453c-8a59-e512b1a1d5b1}</UniqueIdentifier>
    </Filter>
    <Filter Include="Engine\Gui\Component\Components\Minor">
      <UniqueIdentifier>{70ba195c-b7bf-4850-9e06-7e5ecdcfccea}</UniqueIdentifier>
    </Filter>
    <Filter Include="Engine\Gui\Component\Components\Major">
      <UniqueIdentifier>{9b8fcc8f-5cc9-479d-be12-88c9cded2553}</UniqueIdentifier>
    </Filter>
    <Filter Include="Engine\GameObject\Dynamic\Creature\Effect\Health">
      <UniqueIdentifier>{4c41eb50-16d9-4aab-b540-86c7851ab8aa}</UniqueIdentifier>
    </Filter>
    <Filter Include="Engine\GameObject\Dynamic\Creature\Effect\Stamina">
      <UniqueIdentifier>{3e1c6c3b-47bf-4683-b4e0-02d17de610e1}</UniqueIdentifier>
    </Filter>
    <Filter Include="Engine\Rarity">
      <UniqueIdentifier>{16a16cf3-5ce6-446a-b2c3-bab03caced29}</UniqueIdentifier>
    </Filter>
    <Filter Include="Engine\Rarity\Mod">
      <UniqueIdentifier>{002d39a9-f0bd-482a-8cf7-0fe7dc45bdb0}</UniqueIdentifier>
    </Filter>
    <Filter Include="Engine\Rarity\Mod\Affix">
      <UniqueIdentifier>{92749db5-7c78-4ead-8515-4a55e0ed3e23}</UniqueIdentifier>
    </Filter>
    <Filter Include="Engine\Rarity\Mod\Affix\Consumable">
      <UniqueIdentifier>{6940a571-cd07-42e1-9973-67e698a02181}</UniqueIdentifier>
    </Filter>
    <Filter Include="Engine\Rarity\Mod\Affix\Armor">
      <UniqueIdentifier>{104d9389-9a5c-45a9-8ae4-e6207cfaa023}</UniqueIdentifier>
    </Filter>
    <Filter Include="Engine\Rarity\Mod\Affix\Weapon">
      <UniqueIdentifier>{71a29122-9937-4b50-891a-561a13246b0d}</UniqueIdentifier>
    </Filter>
    <Filter Include="Engine\GameObject\Item\Armor">
      <UniqueIdentifier>{386503d9-9dda-43e8-aa82-aed40eb5ac79}</UniqueIdentifier>
    </Filter>
    <Filter Include="Engine\GameObject\Item\Weapon">
      <UniqueIdentifier>{c830f1d0-dce0-4f94-b8cb-3c9f3943c3a6}</UniqueIdentifier>
    </Filter>
    <Filter Include="Engine\Rarity\Mod\Affix\Creature">
      <UniqueIdentifier>{a37de0ee-5f4e-40a7-aec8-8bb5871ab504}</UniqueIdentifier>
    </Filter>
    <Filter Include="Engine\GameObject\Tile\Tiles">
      <UniqueIdentifier>{1e788331-1496-4e76-88c4-590020d2cab9}</UniqueIdentifier>
    </Filter>
    <Filter Include="Engine\GameObject\Dynamic\Creature\Ai\Module\Modules">
      <UniqueIdentifier>{4974e4bf-e603-421b-88cb-af406be832f3}</UniqueIdentifier>
    </Filter>
  </ItemGroup>
  <ItemGroup>
    <ClCompile Include="Creature.cpp">
      <Filter>Engine\GameObject\Dynamic\Creature</Filter>
    </ClCompile>
    <ClCompile Include="DynamicObject.cpp">
      <Filter>Engine\GameObject\Dynamic</Filter>
    </ClCompile>
    <ClCompile Include="Engine.cpp">
      <Filter>Engine</Filter>
    </ClCompile>
    <ClCompile Include="KeyMapping.cpp">
      <Filter>Engine</Filter>
    </ClCompile>
    <ClCompile Include="Item.cpp">
      <Filter>Engine\GameObject\Item</Filter>
    </ClCompile>
    <ClCompile Include="Gui.cpp">
      <Filter>Engine\Gui</Filter>
    </ClCompile>
    <ClCompile Include="Direction.cpp">
      <Filter>Engine\Tools</Filter>
    </ClCompile>
    <ClCompile Include="Line.cpp">
      <Filter>Engine\Tools</Filter>
    </ClCompile>
    <ClCompile Include="Point2D.cpp">
      <Filter>Engine\Tools</Filter>
    </ClCompile>
    <ClCompile Include="Random.cpp">
      <Filter>Engine\Tools</Filter>
    </ClCompile>
    <ClCompile Include="Rectangle.cpp">
      <Filter>Engine\Tools</Filter>
    </ClCompile>
    <ClCompile Include="String.cpp">
      <Filter>Engine\Tools</Filter>
    </ClCompile>
    <ClCompile Include="Quest.cpp">
      <Filter>Engine\Quest</Filter>
    </ClCompile>
    <ClCompile Include="QuestHandler.cpp">
      <Filter>Engine\Quest</Filter>
    </ClCompile>
    <ClCompile Include="QuestPhase.cpp">
      <Filter>Engine\Quest</Filter>
    </ClCompile>
    <ClCompile Include="Area.cpp">
      <Filter>Engine\Area</Filter>
    </ClCompile>
    <ClCompile Include="Dialog.cpp">
      <Filter>Engine\Quest\Dialog</Filter>
    </ClCompile>
    <ClCompile Include="DialogOption.cpp">
      <Filter>Engine\Quest\Dialog</Filter>
    </ClCompile>
    <ClCompile Include="Camera.cpp">
      <Filter>Engine\Graphics</Filter>
    </ClCompile>
    <ClCompile Include="Glyph.cpp">
      <Filter>Engine\Graphics</Filter>
    </ClCompile>
    <ClCompile Include="GameObject.cpp">
      <Filter>Engine\GameObject</Filter>
    </ClCompile>
    <ClCompile Include="Main.cpp" />
    <ClCompile Include="AreaHandler.cpp">
      <Filter>Engine\Area</Filter>
    </ClCompile>
    <ClCompile Include="ItemContainer.cpp">
      <Filter>Engine\GameObject\Item</Filter>
    </ClCompile>
    <ClCompile Include="PlayerController.cpp">
      <Filter>Engine\Player</Filter>
    </ClCompile>
    <ClCompile Include="PlayerHandler.cpp">
      <Filter>Engine\Player</Filter>
    </ClCompile>
    <ClCompile Include="RarityType.cpp">
      <Filter>Engine\Rarity</Filter>
    </ClCompile>
    <ClCompile Include="OperatableObject.cpp">
      <Filter>Engine\GameObject\Dynamic\Operatable</Filter>
    </ClCompile>
    <ClCompile Include="ObjectFactory.cpp">
      <Filter>Engine\ObjectFactory</Filter>
    </ClCompile>
    <ClCompile Include="ObjectLibrary.cpp">
      <Filter>Engine\ObjectFactory</Filter>
    </ClCompile>
    <ClCompile Include="Tile.cpp">
      <Filter>Engine\GameObject\Tile</Filter>
    </ClCompile>
    <ClCompile Include="QuestTheGoblinKing.cpp">
      <Filter>Engine\Quest\Quests</Filter>
    </ClCompile>
    <ClCompile Include="CreatureInventory.cpp">
      <Filter>Engine\GameObject\Dynamic\Creature</Filter>
    </ClCompile>
    <ClCompile Include="CreatureLimb.cpp">
      <Filter>Engine\GameObject\Dynamic\Creature</Filter>
    </ClCompile>
    <ClCompile Include="Weapon.cpp">
      <Filter>Engine\GameObject\Item\Weapon</Filter>
    </ClCompile>
    <ClCompile Include="TemplateCreaturePreset.cpp">
      <Filter>Engine\ObjectFactory\Templates</Filter>
    </ClCompile>
    <ClCompile Include="TemplateWeapon.cpp">
      <Filter>Engine\ObjectFactory\Templates</Filter>
    </ClCompile>
    <ClCompile Include="CreatureAi.cpp">
      <Filter>Engine\GameObject\Dynamic\Creature\Ai</Filter>
    </ClCompile>
    <ClCompile Include="Armor.cpp">
      <Filter>Engine\GameObject\Item\Armor</Filter>
    </ClCompile>
    <ClCompile Include="TemplateArmor.cpp">
      <Filter>Engine\ObjectFactory\Templates</Filter>
    </ClCompile>
    <ClCompile Include="AiModule.cpp">
      <Filter>Engine\GameObject\Dynamic\Creature\Ai\Module</Filter>
    </ClCompile>
    <ClCompile Include="AreaHouse.cpp">
      <Filter>Engine\Area\Infrastructure</Filter>
    </ClCompile>
    <ClCompile Include="AreaTreeSpot.cpp">
      <Filter>Engine\Area\Nature</Filter>
    </ClCompile>
    <ClCompile Include="AreaDrop.cpp">
      <Filter>Engine\Area</Filter>
    </ClCompile>
    <ClCompile Include="Village.cpp">
      <Filter>Engine\Area\Infrastructure</Filter>
    </ClCompile>
    <ClCompile Include="Cave.cpp">
      <Filter>Engine\Area\Nature</Filter>
    </ClCompile>
    <ClCompile Include="Forest.cpp">
      <Filter>Engine\Area\Nature</Filter>
    </ClCompile>
    <ClCompile Include="VisualEffectHandler.cpp">
      <Filter>Engine\Graphics\VisualEffect</Filter>
    </ClCompile>
    <ClCompile Include="EffectBloodSplatter.cpp">
      <Filter>Engine\Graphics\VisualEffect\Effect\Effects</Filter>
    </ClCompile>
    <ClCompile Include="Particle.cpp">
      <Filter>Engine\Graphics\VisualEffect\Particle</Filter>
    </ClCompile>
    <ClCompile Include="EffectSmoke.cpp">
      <Filter>Engine\Graphics\VisualEffect\Effect\Effects</Filter>
    </ClCompile>
    <ClCompile Include="ParticleSpiralUp.cpp">
      <Filter>Engine\Graphics\VisualEffect\Particle\Particles</Filter>
    </ClCompile>
    <ClCompile Include="ParticleSplash.cpp">
      <Filter>Engine\Graphics\VisualEffect\Particle\Particles</Filter>
    </ClCompile>
    <ClCompile Include="ParticleEffect.cpp">
      <Filter>Engine\Graphics\VisualEffect\Effect</Filter>
    </ClCompile>
    <ClCompile Include="ParticleSpark.cpp">
      <Filter>Engine\Graphics\VisualEffect\Particle\Particles</Filter>
    </ClCompile>
    <ClCompile Include="EffectSparkles.cpp">
      <Filter>Engine\Graphics\VisualEffect\Effect\Effects</Filter>
    </ClCompile>
    <ClCompile Include="Anvil.cpp">
      <Filter>Engine\GameObject\Dynamic\Operatable\Operatables</Filter>
    </ClCompile>
    <ClCompile Include="Bed.cpp">
      <Filter>Engine\GameObject\Dynamic\Operatable\Operatables</Filter>
    </ClCompile>
    <ClCompile Include="Door.cpp">
      <Filter>Engine\GameObject\Dynamic\Operatable\Operatables</Filter>
    </ClCompile>
    <ClCompile Include="Forge.cpp">
      <Filter>Engine\GameObject\Dynamic\Operatable\Operatables</Filter>
    </ClCompile>
    <ClCompile Include="AreaPath.cpp">
      <Filter>Engine\Area</Filter>
    </ClCompile>
    <ClCompile Include="AiBlacksmith.cpp">
      <Filter>Engine\GameObject\Dynamic\Creature\Ai\Ais</Filter>
    </ClCompile>
    <ClCompile Include="AiMonster.cpp">
      <Filter>Engine\GameObject\Dynamic\Creature\Ai\Ais</Filter>
    </ClCompile>
    <ClCompile Include="AiNone.cpp">
      <Filter>Engine\GameObject\Dynamic\Creature\Ai\Ais</Filter>
    </ClCompile>
    <ClCompile Include="AiVillager.cpp">
      <Filter>Engine\GameObject\Dynamic\Creature\Ai\Ais</Filter>
    </ClCompile>
    <ClCompile Include="EffectWaterSplash.cpp">
      <Filter>Engine\Graphics\VisualEffect\Effect\Effects</Filter>
    </ClCompile>
    <ClCompile Include="TradeContainer.cpp">
      <Filter>Engine\Quest\TradeContainer</Filter>
    </ClCompile>
    <ClCompile Include="Consumable.cpp">
      <Filter>Engine\GameObject\Item\Consumable</Filter>
    </ClCompile>
    <ClCompile Include="AlchemyTable.cpp">
      <Filter>Engine\GameObject\Dynamic\Operatable\Operatables</Filter>
    </ClCompile>
    <ClCompile Include="AiAlchemist.cpp">
      <Filter>Engine\GameObject\Dynamic\Creature\Ai\Ais</Filter>
    </ClCompile>
    <ClCompile Include="EffectAlchemySmoke.cpp">
      <Filter>Engine\Graphics\VisualEffect\Effect\Effects</Filter>
    </ClCompile>
    <ClCompile Include="GuiFrame.cpp">
      <Filter>Engine\Gui\Frame</Filter>
    </ClCompile>
    <ClCompile Include="AttackFrame.cpp">
      <Filter>Engine\Gui\Frame\Frames</Filter>
    </ClCompile>
    <ClCompile Include="DialogFrame.cpp">
      <Filter>Engine\Gui\Frame\Frames</Filter>
    </ClCompile>
    <ClCompile Include="HelpFrame.cpp">
      <Filter>Engine\Gui\Frame\Frames</Filter>
    </ClCompile>
    <ClCompile Include="InspectionFrame.cpp">
      <Filter>Engine\Gui\Frame\Frames</Filter>
    </ClCompile>
    <ClCompile Include="InventoryFrame.cpp">
      <Filter>Engine\Gui\Frame\Frames</Filter>
    </ClCompile>
    <ClCompile Include="ItemPickFrame.cpp">
      <Filter>Engine\Gui\Frame\Frames</Filter>
    </ClCompile>
    <ClCompile Include="LogFrame.cpp">
      <Filter>Engine\Gui\Frame\Frames</Filter>
    </ClCompile>
    <ClCompile Include="QuestFrame.cpp">
      <Filter>Engine\Gui\Frame\Frames</Filter>
    </ClCompile>
    <ClCompile Include="StatisticsFrame.cpp">
      <Filter>Engine\Gui\Frame\Frames</Filter>
    </ClCompile>
    <ClCompile Include="TradeFrame.cpp">
      <Filter>Engine\Gui\Frame\Frames</Filter>
    </ClCompile>
    <ClCompile Include="GuiComponent.cpp">
      <Filter>Engine\Gui\Component</Filter>
    </ClCompile>
    <ClCompile Include="GuiArmor.cpp">
      <Filter>Engine\Gui\Component\Components\Minor</Filter>
    </ClCompile>
    <ClCompile Include="GuiCreature.cpp">
      <Filter>Engine\Gui\Component\Components\Minor</Filter>
    </ClCompile>
    <ClCompile Include="GuiOperable.cpp">
      <Filter>Engine\Gui\Component\Components\Minor</Filter>
    </ClCompile>
    <ClCompile Include="GuiTile.cpp">
      <Filter>Engine\Gui\Component\Components\Minor</Filter>
    </ClCompile>
    <ClCompile Include="GuiWeapon.cpp">
      <Filter>Engine\Gui\Component\Components\Minor</Filter>
    </ClCompile>
    <ClCompile Include="GuiSelectableItemList.cpp">
      <Filter>Engine\Gui\Component\Components\Major</Filter>
    </ClCompile>
    <ClCompile Include="GuiBox.cpp">
      <Filter>Engine\Gui\Component\Components\Minor</Filter>
    </ClCompile>
    <ClCompile Include="GuiGameObjectDisplay.cpp">
      <Filter>Engine\Gui\Component\Components\Major</Filter>
    </ClCompile>
    <ClCompile Include="CreatureEffect.cpp">
      <Filter>Engine\GameObject\Dynamic\Creature\Effect</Filter>
    </ClCompile>
    <ClCompile Include="EffectHealthRegeneration.cpp">
      <Filter>Engine\GameObject\Dynamic\Creature\Effect\Health</Filter>
    </ClCompile>
    <ClCompile Include="EffectStaminaRegeneration.cpp">
      <Filter>Engine\GameObject\Dynamic\Creature\Effect\Stamina</Filter>
    </ClCompile>
    <ClCompile Include="RarityMod.cpp">
      <Filter>Engine\Rarity\Mod</Filter>
    </ClCompile>
    <ClCompile Include="RarityAffix.cpp">
      <Filter>Engine\Rarity\Mod\Affix</Filter>
    </ClCompile>
    <ClCompile Include="RaritySystem.cpp">
      <Filter>Engine\Rarity</Filter>
    </ClCompile>
    <ClCompile Include="RarityAffixConsumable.cpp">
      <Filter>Engine\Rarity\Mod\Affix\Consumable</Filter>
    </ClCompile>
    <ClCompile Include="ConsumableAffixHealthRegenerate.cpp">
      <Filter>Engine\Rarity\Mod\Affix\Consumable</Filter>
    </ClCompile>
    <ClCompile Include="RarityAffixArmor.cpp">
      <Filter>Engine\Rarity\Mod\Affix\Armor</Filter>
    </ClCompile>
    <ClCompile Include="RarityAffixWeapon.cpp">
      <Filter>Engine\Rarity\Mod\Affix\Weapon</Filter>
    </ClCompile>
    <ClCompile Include="ArmorAffixDefenceIncrease.cpp">
      <Filter>Engine\Rarity\Mod\Affix\Armor</Filter>
    </ClCompile>
    <ClCompile Include="WeaponAffixDamageIncrease.cpp">
      <Filter>Engine\Rarity\Mod\Affix\Weapon</Filter>
    </ClCompile>
    <ClCompile Include="RarityAffixCreature.cpp">
      <Filter>Engine\Rarity\Mod\Affix\Creature</Filter>
    </ClCompile>
    <ClCompile Include="TemplateCreatureBase.cpp">
      <Filter>Engine\ObjectFactory\Templates</Filter>
    </ClCompile>
    <ClCompile Include="TemplateConsumable.cpp">
      <Filter>Engine\ObjectFactory\Templates</Filter>
    </ClCompile>
    <ClCompile Include="Floor.cpp">
      <Filter>Engine\GameObject\Tile\Tiles</Filter>
    </ClCompile>
    <ClCompile Include="Portal.cpp">
      <Filter>Engine\GameObject\Tile\Tiles</Filter>
    </ClCompile>
    <ClCompile Include="Wall.cpp">
      <Filter>Engine\GameObject\Tile\Tiles</Filter>
    </ClCompile>
    <ClCompile Include="AiModuleCombat.cpp">
      <Filter>Engine\GameObject\Dynamic\Creature\Ai\Module\Modules</Filter>
    </ClCompile>
    <ClCompile Include="AiModuleResident.cpp">
      <Filter>Engine\GameObject\Dynamic\Creature\Ai\Module\Modules</Filter>
    </ClCompile>
    <ClCompile Include="Water.cpp">
      <Filter>Engine\GameObject\Tile\Tiles</Filter>
    </ClCompile>
    <ClCompile Include="GuiConsumable.cpp">
      <Filter>Engine\Gui\Component\Components\Minor</Filter>
    </ClCompile>
    <ClCompile Include="ConsumableAffixStaminaRegenerate.cpp">
      <Filter>Engine\Rarity\Mod\Affix\Consumable</Filter>
    </ClCompile>
  </ItemGroup>
  <ItemGroup>
    <ClInclude Include="Gui.h">
      <Filter>Engine\Gui</Filter>
    </ClInclude>
    <ClInclude Include="Random.h">
      <Filter>Engine\Tools</Filter>
    </ClInclude>
    <ClInclude Include="String.h">
      <Filter>Engine\Tools</Filter>
    </ClInclude>
    <ClInclude Include="Line.h">
      <Filter>Engine\Tools</Filter>
    </ClInclude>
    <ClInclude Include="Rectangle.h">
      <Filter>Engine\Tools</Filter>
    </ClInclude>
    <ClInclude Include="Direction.h">
      <Filter>Engine\Tools</Filter>
    </ClInclude>
    <ClInclude Include="Point2D.h">
      <Filter>Engine\Tools</Filter>
    </ClInclude>
    <ClInclude Include="DynamicObject.h">
      <Filter>Engine\GameObject\Dynamic</Filter>
    </ClInclude>
    <ClInclude Include="Engine.h">
      <Filter>Engine</Filter>
    </ClInclude>
    <ClInclude Include="Item.h">
      <Filter>Engine\GameObject\Item</Filter>
    </ClInclude>
    <ClInclude Include="KeyMapping.h">
      <Filter>Engine</Filter>
    </ClInclude>
    <ClInclude Include="Quest.h">
      <Filter>Engine\Quest</Filter>
    </ClInclude>
    <ClInclude Include="QuestHandler.h">
      <Filter>Engine\Quest</Filter>
    </ClInclude>
    <ClInclude Include="QuestPhase.h">
      <Filter>Engine\Quest</Filter>
    </ClInclude>
    <ClInclude Include="Area.h">
      <Filter>Engine\Area</Filter>
    </ClInclude>
    <ClInclude Include="Dialog.h">
      <Filter>Engine\Quest\Dialog</Filter>
    </ClInclude>
    <ClInclude Include="DialogOption.h">
      <Filter>Engine\Quest\Dialog</Filter>
    </ClInclude>
    <ClInclude Include="Camera.h">
      <Filter>Engine\Graphics</Filter>
    </ClInclude>
    <ClInclude Include="Glyph.h">
      <Filter>Engine\Graphics</Filter>
    </ClInclude>
    <ClInclude Include="GameObject.h">
      <Filter>Engine\GameObject</Filter>
    </ClInclude>
    <ClInclude Include="AreaHandler.h">
      <Filter>Engine\Area</Filter>
    </ClInclude>
    <ClInclude Include="ItemContainer.h">
      <Filter>Engine\GameObject\Item</Filter>
    </ClInclude>
    <ClInclude Include="PlayerController.h">
      <Filter>Engine\Player</Filter>
    </ClInclude>
    <ClInclude Include="PlayerHandler.h">
      <Filter>Engine\Player</Filter>
    </ClInclude>
    <ClInclude Include="RarityType.h">
      <Filter>Engine\Rarity</Filter>
    </ClInclude>
    <ClInclude Include="OperatableObject.h">
      <Filter>Engine\GameObject\Dynamic\Operatable</Filter>
    </ClInclude>
    <ClInclude Include="ObjectFactory.h">
      <Filter>Engine\ObjectFactory</Filter>
    </ClInclude>
    <ClInclude Include="ObjectLibrary.h">
      <Filter>Engine\ObjectFactory</Filter>
    </ClInclude>
    <ClInclude Include="Tile.h">
      <Filter>Engine\GameObject\Tile</Filter>
    </ClInclude>
    <ClInclude Include="QuestTheGoblinKing.h">
      <Filter>Engine\Quest\Quests</Filter>
    </ClInclude>
    <ClInclude Include="AreaDrop.h">
      <Filter>Engine\Area</Filter>
    </ClInclude>
    <ClInclude Include="CreatureInventory.h">
      <Filter>Engine\GameObject\Dynamic\Creature</Filter>
    </ClInclude>
    <ClInclude Include="Creature.h">
      <Filter>Engine\GameObject\Dynamic\Creature</Filter>
    </ClInclude>
    <ClInclude Include="CreatureLimb.h">
      <Filter>Engine\GameObject\Dynamic\Creature</Filter>
    </ClInclude>
    <ClInclude Include="Weapon.h">
      <Filter>Engine\GameObject\Item\Weapon</Filter>
    </ClInclude>
    <ClInclude Include="TemplateWeapon.h">
      <Filter>Engine\ObjectFactory\Templates</Filter>
    </ClInclude>
    <ClInclude Include="TemplateCreaturePreset.h">
      <Filter>Engine\ObjectFactory\Templates</Filter>
    </ClInclude>
    <ClInclude Include="CreatureAi.h">
      <Filter>Engine\GameObject\Dynamic\Creature\Ai</Filter>
    </ClInclude>
    <ClInclude Include="Armor.h">
      <Filter>Engine\GameObject\Item\Armor</Filter>
    </ClInclude>
    <ClInclude Include="TemplateArmor.h">
      <Filter>Engine\ObjectFactory\Templates</Filter>
    </ClInclude>
    <ClInclude Include="CreatureEffect.h">
      <Filter>Engine\GameObject\Dynamic\Creature\Effect</Filter>
    </ClInclude>
    <ClInclude Include="AiModule.h">
      <Filter>Engine\GameObject\Dynamic\Creature\Ai\Module</Filter>
    </ClInclude>
    <ClInclude Include="AreaHouse.h">
      <Filter>Engine\Area\Infrastructure</Filter>
    </ClInclude>
    <ClInclude Include="AreaTreeSpot.h">
      <Filter>Engine\Area\Nature</Filter>
    </ClInclude>
    <ClInclude Include="Village.h">
      <Filter>Engine\Area\Infrastructure</Filter>
    </ClInclude>
    <ClInclude Include="Cave.h">
      <Filter>Engine\Area\Nature</Filter>
    </ClInclude>
    <ClInclude Include="Forest.h">
      <Filter>Engine\Area\Nature</Filter>
    </ClInclude>
    <ClInclude Include="VisualEffectHandler.h">
      <Filter>Engine\Graphics\VisualEffect</Filter>
    </ClInclude>
    <ClInclude Include="EffectBloodSplatter.h">
      <Filter>Engine\Graphics\VisualEffect\Effect\Effects</Filter>
    </ClInclude>
    <ClInclude Include="Particle.h">
      <Filter>Engine\Graphics\VisualEffect\Particle</Filter>
    </ClInclude>
    <ClInclude Include="EffectSmoke.h">
      <Filter>Engine\Graphics\VisualEffect\Effect\Effects</Filter>
    </ClInclude>
    <ClInclude Include="ParticleSplash.h">
      <Filter>Engine\Graphics\VisualEffect\Particle\Particles</Filter>
    </ClInclude>
    <ClInclude Include="ParticleSpiralUp.h">
      <Filter>Engine\Graphics\VisualEffect\Particle\Particles</Filter>
    </ClInclude>
    <ClInclude Include="ParticleEffect.h">
      <Filter>Engine\Graphics\VisualEffect\Effect</Filter>
    </ClInclude>
    <ClInclude Include="ParticleSpark.h">
      <Filter>Engine\Graphics\VisualEffect\Particle\Particles</Filter>
    </ClInclude>
    <ClInclude Include="EffectSparkles.h">
      <Filter>Engine\Graphics\VisualEffect\Effect\Effects</Filter>
    </ClInclude>
    <ClInclude Include="Forge.h">
      <Filter>Engine\GameObject\Dynamic\Operatable\Operatables</Filter>
    </ClInclude>
    <ClInclude Include="Anvil.h">
      <Filter>Engine\GameObject\Dynamic\Operatable\Operatables</Filter>
    </ClInclude>
    <ClInclude Include="Bed.h">
      <Filter>Engine\GameObject\Dynamic\Operatable\Operatables</Filter>
    </ClInclude>
    <ClInclude Include="Door.h">
      <Filter>Engine\GameObject\Dynamic\Operatable\Operatables</Filter>
    </ClInclude>
    <ClInclude Include="AreaPath.h">
      <Filter>Engine\Area</Filter>
    </ClInclude>
    <ClInclude Include="AiVillager.h">
      <Filter>Engine\GameObject\Dynamic\Creature\Ai\Ais</Filter>
    </ClInclude>
    <ClInclude Include="AiBlacksmith.h">
      <Filter>Engine\GameObject\Dynamic\Creature\Ai\Ais</Filter>
    </ClInclude>
    <ClInclude Include="AiMonster.h">
      <Filter>Engine\GameObject\Dynamic\Creature\Ai\Ais</Filter>
    </ClInclude>
    <ClInclude Include="AiNone.h">
      <Filter>Engine\GameObject\Dynamic\Creature\Ai\Ais</Filter>
    </ClInclude>
    <ClInclude Include="EffectWaterSplash.h">
      <Filter>Engine\Graphics\VisualEffect\Effect\Effects</Filter>
    </ClInclude>
    <ClInclude Include="TradeContainer.h">
      <Filter>Engine\Quest\TradeContainer</Filter>
    </ClInclude>
    <ClInclude Include="Consumable.h">
      <Filter>Engine\GameObject\Item\Consumable</Filter>
    </ClInclude>
    <ClInclude Include="AlchemyTable.h">
      <Filter>Engine\GameObject\Dynamic\Operatable\Operatables</Filter>
    </ClInclude>
    <ClInclude Include="AiAlchemist.h">
      <Filter>Engine\GameObject\Dynamic\Creature\Ai\Ais</Filter>
    </ClInclude>
    <ClInclude Include="EffectAlchemySmoke.h">
      <Filter>Engine\Graphics\VisualEffect\Effect\Effects</Filter>
    </ClInclude>
    <ClInclude Include="GuiFrame.h">
      <Filter>Engine\Gui\Frame</Filter>
    </ClInclude>
    <ClInclude Include="TradeFrame.h">
      <Filter>Engine\Gui\Frame\Frames</Filter>
    </ClInclude>
    <ClInclude Include="AttackFrame.h">
      <Filter>Engine\Gui\Frame\Frames</Filter>
    </ClInclude>
    <ClInclude Include="DialogFrame.h">
      <Filter>Engine\Gui\Frame\Frames</Filter>
    </ClInclude>
    <ClInclude Include="HelpFrame.h">
      <Filter>Engine\Gui\Frame\Frames</Filter>
    </ClInclude>
    <ClInclude Include="InspectionFrame.h">
      <Filter>Engine\Gui\Frame\Frames</Filter>
    </ClInclude>
    <ClInclude Include="InventoryFrame.h">
      <Filter>Engine\Gui\Frame\Frames</Filter>
    </ClInclude>
    <ClInclude Include="ItemPickFrame.h">
      <Filter>Engine\Gui\Frame\Frames</Filter>
    </ClInclude>
    <ClInclude Include="LogFrame.h">
      <Filter>Engine\Gui\Frame\Frames</Filter>
    </ClInclude>
    <ClInclude Include="QuestFrame.h">
      <Filter>Engine\Gui\Frame\Frames</Filter>
    </ClInclude>
    <ClInclude Include="StatisticsFrame.h">
      <Filter>Engine\Gui\Frame\Frames</Filter>
    </ClInclude>
    <ClInclude Include="GuiComponent.h">
      <Filter>Engine\Gui\Component</Filter>
    </ClInclude>
    <ClInclude Include="GuiWeapon.h">
      <Filter>Engine\Gui\Component\Components\Minor</Filter>
    </ClInclude>
    <ClInclude Include="GuiArmor.h">
      <Filter>Engine\Gui\Component\Components\Minor</Filter>
    </ClInclude>
    <ClInclude Include="GuiCreature.h">
      <Filter>Engine\Gui\Component\Components\Minor</Filter>
    </ClInclude>
    <ClInclude Include="GuiOperable.h">
      <Filter>Engine\Gui\Component\Components\Minor</Filter>
    </ClInclude>
    <ClInclude Include="GuiTile.h">
      <Filter>Engine\Gui\Component\Components\Minor</Filter>
    </ClInclude>
    <ClInclude Include="GuiSelectableItemList.h">
      <Filter>Engine\Gui\Component\Components\Major</Filter>
    </ClInclude>
    <ClInclude Include="GuiBox.h">
      <Filter>Engine\Gui\Component\Components\Minor</Filter>
    </ClInclude>
    <ClInclude Include="GuiGameObjectDisplay.h">
      <Filter>Engine\Gui\Component\Components\Major</Filter>
    </ClInclude>
    <ClInclude Include="EffectHealthRegeneration.h">
      <Filter>Engine\GameObject\Dynamic\Creature\Effect\Health</Filter>
    </ClInclude>
    <ClInclude Include="EffectStaminaRegeneration.h">
      <Filter>Engine\GameObject\Dynamic\Creature\Effect\Stamina</Filter>
    </ClInclude>
    <ClInclude Include="RarityMod.h">
      <Filter>Engine\Rarity\Mod</Filter>
    </ClInclude>
    <ClInclude Include="RarityAffix.h">
      <Filter>Engine\Rarity\Mod\Affix</Filter>
    </ClInclude>
    <ClInclude Include="RaritySystem.h">
      <Filter>Engine\Rarity</Filter>
    </ClInclude>
    <ClInclude Include="RarityAffixConsumable.h">
      <Filter>Engine\Rarity\Mod\Affix\Consumable</Filter>
    </ClInclude>
    <ClInclude Include="ConsumableAffixHealthRegenerate.h">
      <Filter>Engine\Rarity\Mod\Affix\Consumable</Filter>
    </ClInclude>
    <ClInclude Include="RarityAffixArmor.h">
      <Filter>Engine\Rarity\Mod\Affix\Armor</Filter>
    </ClInclude>
    <ClInclude Include="RarityAffixWeapon.h">
      <Filter>Engine\Rarity\Mod\Affix\Weapon</Filter>
    </ClInclude>
    <ClInclude Include="ArmorAffixDefenceIncrease.h">
      <Filter>Engine\Rarity\Mod\Affix\Armor</Filter>
    </ClInclude>
    <ClInclude Include="WeaponAffixDamageIncrease.h">
      <Filter>Engine\Rarity\Mod\Affix\Weapon</Filter>
    </ClInclude>
    <ClInclude Include="RarityAffixCreature.h">
      <Filter>Engine\Rarity\Mod\Affix\Creature</Filter>
    </ClInclude>
    <ClInclude Include="TemplateCreatureBase.h">
      <Filter>Engine\ObjectFactory\Templates</Filter>
    </ClInclude>
    <ClInclude Include="TemplateConsumable.h">
      <Filter>Engine\ObjectFactory\Templates</Filter>
    </ClInclude>
    <ClInclude Include="Floor.h">
      <Filter>Engine\GameObject\Tile\Tiles</Filter>
    </ClInclude>
    <ClInclude Include="Portal.h">
      <Filter>Engine\GameObject\Tile\Tiles</Filter>
    </ClInclude>
    <ClInclude Include="Wall.h">
      <Filter>Engine\GameObject\Tile\Tiles</Filter>
    </ClInclude>
    <ClInclude Include="AiModuleCombat.h">
      <Filter>Engine\GameObject\Dynamic\Creature\Ai\Module\Modules</Filter>
    </ClInclude>
    <ClInclude Include="AiModuleResident.h">
      <Filter>Engine\GameObject\Dynamic\Creature\Ai\Module\Modules</Filter>
    </ClInclude>
    <ClInclude Include="Water.h">
      <Filter>Engine\GameObject\Tile\Tiles</Filter>
    </ClInclude>
    <ClInclude Include="GuiConsumable.h">
      <Filter>Engine\Gui\Component\Components\Minor</Filter>
    </ClInclude>
    <ClInclude Include="ConsumableAffixStaminaRegenerate.h">
      <Filter>Engine\Rarity\Mod\Affix\Consumable</Filter>
    </ClInclude>
  </ItemGroup>
</Project>